
Microsoft Visual Studio Solution File, Format Version 12.00
# Visual Studio Version 17
VisualStudioVersion = 17.1.32421.90
MinimumVisualStudioVersion = 10.0.40219.1
Project("{9A19103F-16F7-4668-BE54-9A1E7A4F7556}") = "ProjectGroup5", "ProjectGroup5\ProjectGroup5.csproj", "{EF55444A-F188-42E1-8FDA-0AF85D14EBEB}"
EndProject
Global
	GlobalSection(SolutionConfigurationPlatforms) = preSolution
		Debug|Any CPU = Debug|Any CPU
		Debug|x86 = Debug|x86
		Release|Any CPU = Release|Any CPU
		Release|x86 = Release|x86
	EndGlobalSection
	GlobalSection(ProjectConfigurationPlatforms) = postSolution
		{EF55444A-F188-42E1-8FDA-0AF85D14EBEB}.Debug|Any CPU.ActiveCfg = Debug|Any CPU
		{EF55444A-F188-42E1-8FDA-0AF85D14EBEB}.Debug|Any CPU.Build.0 = Debug|Any CPU
		{EF55444A-F188-42E1-8FDA-0AF85D14EBEB}.Debug|x86.ActiveCfg = Debug|x86
		{EF55444A-F188-42E1-8FDA-0AF85D14EBEB}.Debug|x86.Build.0 = Debug|x86
		{EF55444A-F188-42E1-8FDA-0AF85D14EBEB}.Release|Any CPU.ActiveCfg = Release|Any CPU
		{EF55444A-F188-42E1-8FDA-0AF85D14EBEB}.Release|Any CPU.Build.0 = Release|Any CPU
		{EF55444A-F188-42E1-8FDA-0AF85D14EBEB}.Release|x86.ActiveCfg = Release|x86
		{EF55444A-F188-42E1-8FDA-0AF85D14EBEB}.Release|x86.Build.0 = Release|x86
	EndGlobalSection
	GlobalSection(SolutionProperties) = preSolution
		HideSolutionNode = FALSE
	EndGlobalSection
	GlobalSection(ExtensibilityGlobals) = postSolution
		SolutionGuid = {9E64BA68-5B49-4E39-BE45-05AE57A907FE}
	EndGlobalSection
EndGlobal
